// !$*UTF8*$!
{
	archiveVersion = 1;
	classes = {
	};
	objectVersion = 46;
	objects = {

/* Begin PBXBuildFile section */
		0B1AAD9C1EFABA28009D7BEA /* UserApiClient.swift in Sources */ = {isa = PBXBuildFile; fileRef = 0B1AAD9B1EFABA28009D7BEA /* UserApiClient.swift */; };
		0B5FFE3C1EEE371F00802B98 /* OrderApiClient.swift in Sources */ = {isa = PBXBuildFile; fileRef = 0B5FFE3B1EEE371F00802B98 /* OrderApiClient.swift */; };
		0B5FFE3E1EEE37DF00802B98 /* Order.swift in Sources */ = {isa = PBXBuildFile; fileRef = 0B5FFE3D1EEE37DF00802B98 /* Order.swift */; };
		0B5FFE401EEE427500802B98 /* LineItem.swift in Sources */ = {isa = PBXBuildFile; fileRef = 0B5FFE3F1EEE427500802B98 /* LineItem.swift */; };
		0B5FFE4F1EEE777900802B98 /* CartApiClient.swift in Sources */ = {isa = PBXBuildFile; fileRef = 0B5FFE4E1EEE777900802B98 /* CartApiClient.swift */; };
		0B7598481EF97C6A004C5E52 /* RoundedHelper.swift in Sources */ = {isa = PBXBuildFile; fileRef = 0B7598471EF97C6A004C5E52 /* RoundedHelper.swift */; };
		0B75984A1EF9979B004C5E52 /* User.swift in Sources */ = {isa = PBXBuildFile; fileRef = 0B7598491EF9979B004C5E52 /* User.swift */; };
		0B75984C1EF9B4BA004C5E52 /* Guest.swift in Sources */ = {isa = PBXBuildFile; fileRef = 0B75984B1EF9B4BA004C5E52 /* Guest.swift */; };
		0BE8233B1EF839E000EE35A3 /* CartHelper.swift in Sources */ = {isa = PBXBuildFile; fileRef = 0BE8233A1EF839E000EE35A3 /* CartHelper.swift */; };
		4363994D1EF19FD200AD2F4D /* SubCategoriaTableViewController.swift in Sources */ = {isa = PBXBuildFile; fileRef = 4363994C1EF19FD200AD2F4D /* SubCategoriaTableViewController.swift */; };
		4363994F1EF1AD2900AD2F4D /* Product.swift in Sources */ = {isa = PBXBuildFile; fileRef = 4363994E1EF1AD2900AD2F4D /* Product.swift */; };
		436399511EF1B0B800AD2F4D /* ProductProperty.swift in Sources */ = {isa = PBXBuildFile; fileRef = 436399501EF1B0B800AD2F4D /* ProductProperty.swift */; };
		436399531EF1B0E300AD2F4D /* Variant.swift in Sources */ = {isa = PBXBuildFile; fileRef = 436399521EF1B0E300AD2F4D /* Variant.swift */; };
		436399551EF1B2B300AD2F4D /* ProductApiClient.swift in Sources */ = {isa = PBXBuildFile; fileRef = 436399541EF1B2B300AD2F4D /* ProductApiClient.swift */; };
		4364B6E71EDF035A00C3EEF6 /* RightCollectionViewController.swift in Sources */ = {isa = PBXBuildFile; fileRef = 4364B6E61EDF035A00C3EEF6 /* RightCollectionViewController.swift */; };
		4364B6E91EDF06A100C3EEF6 /* CarrinhoCollectionViewCell.swift in Sources */ = {isa = PBXBuildFile; fileRef = 4364B6E81EDF06A100C3EEF6 /* CarrinhoCollectionViewCell.swift */; };
		4364B6EB1EDF4F1300C3EEF6 /* TotalCarrinhoCollectionViewCell.swift in Sources */ = {isa = PBXBuildFile; fileRef = 4364B6EA1EDF4F1300C3EEF6 /* TotalCarrinhoCollectionViewCell.swift */; };
		436C5B081EE86DCB001FF067 /* BaseApiClient.swift in Sources */ = {isa = PBXBuildFile; fileRef = 436C5B071EE86DCB001FF067 /* BaseApiClient.swift */; };
		436C5B0A1EE871E2001FF067 /* TaxonomiesApiClient.swift in Sources */ = {isa = PBXBuildFile; fileRef = 436C5B091EE871E2001FF067 /* TaxonomiesApiClient.swift */; };
		436C5B0C1EE87244001FF067 /* ApiError.swift in Sources */ = {isa = PBXBuildFile; fileRef = 436C5B0B1EE87244001FF067 /* ApiError.swift */; };
		436C5B0F1EE8742B001FF067 /* String+Extensions.swift in Sources */ = {isa = PBXBuildFile; fileRef = 436C5B0E1EE8742B001FF067 /* String+Extensions.swift */; };
		437912EA1EE5A7420019B82E /* CitiesTableViewController.swift in Sources */ = {isa = PBXBuildFile; fileRef = 437912E91EE5A7410019B82E /* CitiesTableViewController.swift */; };
		437912EF1EE72ED90019B82E /* Taxonomies.swift in Sources */ = {isa = PBXBuildFile; fileRef = 437912EE1EE72ED90019B82E /* Taxonomies.swift */; };
		437912F11EE7303B0019B82E /* Root.swift in Sources */ = {isa = PBXBuildFile; fileRef = 437912F01EE7303B0019B82E /* Root.swift */; };
		437912F31EE730F60019B82E /* Taxons.swift in Sources */ = {isa = PBXBuildFile; fileRef = 437912F21EE730F60019B82E /* Taxons.swift */; };
		438DCA681ED86F7B0038BB4E /* AppDelegate.swift in Sources */ = {isa = PBXBuildFile; fileRef = 438DCA671ED86F7B0038BB4E /* AppDelegate.swift */; };
		438DCA6D1ED86F7B0038BB4E /* Main.storyboard in Resources */ = {isa = PBXBuildFile; fileRef = 438DCA6B1ED86F7B0038BB4E /* Main.storyboard */; };
		438DCA701ED86F7C0038BB4E /* OnMarketBR.xcdatamodeld in Sources */ = {isa = PBXBuildFile; fileRef = 438DCA6E1ED86F7C0038BB4E /* OnMarketBR.xcdatamodeld */; };
		438DCA721ED86F7C0038BB4E /* Assets.xcassets in Resources */ = {isa = PBXBuildFile; fileRef = 438DCA711ED86F7C0038BB4E /* Assets.xcassets */; };
		438DCA801ED86F7C0038BB4E /* OnMarketBRTests.swift in Sources */ = {isa = PBXBuildFile; fileRef = 438DCA7F1ED86F7C0038BB4E /* OnMarketBRTests.swift */; };
		438DCA8B1ED86F7C0038BB4E /* OnMarketBRUITests.swift in Sources */ = {isa = PBXBuildFile; fileRef = 438DCA8A1ED86F7C0038BB4E /* OnMarketBRUITests.swift */; };
		43930B3D1ED8759900CAA8A8 /* .gitignore in Resources */ = {isa = PBXBuildFile; fileRef = 43930B3C1ED8759900CAA8A8 /* .gitignore */; };
		43930B3F1ED87D0900CAA8A8 /* CategoriasCollectionViewController.swift in Sources */ = {isa = PBXBuildFile; fileRef = 43930B3E1ED87D0900CAA8A8 /* CategoriasCollectionViewController.swift */; };
		43930B411ED89FAF00CAA8A8 /* CategoriaCollectionViewCell.swift in Sources */ = {isa = PBXBuildFile; fileRef = 43930B401ED89FAF00CAA8A8 /* CategoriaCollectionViewCell.swift */; };
		43CD9EDC1EDDAD5900ECF914 /* ProdutosCollectionViewCell.swift in Sources */ = {isa = PBXBuildFile; fileRef = 43CD9EDB1EDDAD5900ECF914 /* ProdutosCollectionViewCell.swift */; };
		43CD9EE01EDDAECF00ECF914 /* ProdutosCollectionViewController.swift in Sources */ = {isa = PBXBuildFile; fileRef = 43CD9EDF1EDDAECF00ECF914 /* ProdutosCollectionViewController.swift */; };
		43CD9EE21EDDF36400ECF914 /* LeftTableViewController.swift in Sources */ = {isa = PBXBuildFile; fileRef = 43CD9EE11EDDF36400ECF914 /* LeftTableViewController.swift */; };
		43FE4E6A1EE1CF2700D13D0E /* ProdutoDetailViewController.swift in Sources */ = {isa = PBXBuildFile; fileRef = 43FE4E691EE1CF2700D13D0E /* ProdutoDetailViewController.swift */; };
		43FE4E6C1EE1DDF000D13D0E /* LoginViewController.swift in Sources */ = {isa = PBXBuildFile; fileRef = 43FE4E6B1EE1DDF000D13D0E /* LoginViewController.swift */; };
		43FE4E6E1EE1E66A00D13D0E /* RegisterViewController.swift in Sources */ = {isa = PBXBuildFile; fileRef = 43FE4E6D1EE1E66A00D13D0E /* RegisterViewController.swift */; };
		CC3A825BAC3CD384C81B20AB /* Pods_OnMarketBR.framework in Frameworks */ = {isa = PBXBuildFile; fileRef = 6B07AE89C4B065266923F55A /* Pods_OnMarketBR.framework */; };
		F2DB48A81EF8549300A7459A /* CartButtonBadge+Extensions.swift in Sources */ = {isa = PBXBuildFile; fileRef = F2DB48A71EF8549300A7459A /* CartButtonBadge+Extensions.swift */; };
		F2DC0CE21EEEA0BB008FEDFF /* PinJump.json in Resources */ = {isa = PBXBuildFile; fileRef = F2DC0CE11EEEA0BB008FEDFF /* PinJump.json */; };
/* End PBXBuildFile section */

/* Begin PBXContainerItemProxy section */
		438DCA7C1ED86F7C0038BB4E /* PBXContainerItemProxy */ = {
			isa = PBXContainerItemProxy;
			containerPortal = 438DCA5C1ED86F7B0038BB4E /* Project object */;
			proxyType = 1;
			remoteGlobalIDString = 438DCA631ED86F7B0038BB4E;
			remoteInfo = OnMarketBR;
		};
		438DCA871ED86F7C0038BB4E /* PBXContainerItemProxy */ = {
			isa = PBXContainerItemProxy;
			containerPortal = 438DCA5C1ED86F7B0038BB4E /* Project object */;
			proxyType = 1;
			remoteGlobalIDString = 438DCA631ED86F7B0038BB4E;
			remoteInfo = OnMarketBR;
		};
/* End PBXContainerItemProxy section */

/* Begin PBXFileReference section */
		0B1AAD9B1EFABA28009D7BEA /* UserApiClient.swift */ = {isa = PBXFileReference; fileEncoding = 4; lastKnownFileType = sourcecode.swift; path = UserApiClient.swift; sourceTree = "<group>"; };
		0B5FFE3B1EEE371F00802B98 /* OrderApiClient.swift */ = {isa = PBXFileReference; fileEncoding = 4; lastKnownFileType = sourcecode.swift; path = OrderApiClient.swift; sourceTree = "<group>"; };
		0B5FFE3D1EEE37DF00802B98 /* Order.swift */ = {isa = PBXFileReference; fileEncoding = 4; lastKnownFileType = sourcecode.swift; path = Order.swift; sourceTree = "<group>"; };
		0B5FFE3F1EEE427500802B98 /* LineItem.swift */ = {isa = PBXFileReference; fileEncoding = 4; lastKnownFileType = sourcecode.swift; path = LineItem.swift; sourceTree = "<group>"; };
		0B5FFE4E1EEE777900802B98 /* CartApiClient.swift */ = {isa = PBXFileReference; fileEncoding = 4; lastKnownFileType = sourcecode.swift; path = CartApiClient.swift; sourceTree = "<group>"; };
		0B7598471EF97C6A004C5E52 /* RoundedHelper.swift */ = {isa = PBXFileReference; fileEncoding = 4; lastKnownFileType = sourcecode.swift; path = RoundedHelper.swift; sourceTree = "<group>"; };
		0B7598491EF9979B004C5E52 /* User.swift */ = {isa = PBXFileReference; fileEncoding = 4; lastKnownFileType = sourcecode.swift; path = User.swift; sourceTree = "<group>"; };
		0B75984B1EF9B4BA004C5E52 /* Guest.swift */ = {isa = PBXFileReference; fileEncoding = 4; lastKnownFileType = sourcecode.swift; path = Guest.swift; sourceTree = "<group>"; };
		0BE8233A1EF839E000EE35A3 /* CartHelper.swift */ = {isa = PBXFileReference; fileEncoding = 4; lastKnownFileType = sourcecode.swift; path = CartHelper.swift; sourceTree = "<group>"; };
		4363994C1EF19FD200AD2F4D /* SubCategoriaTableViewController.swift */ = {isa = PBXFileReference; fileEncoding = 4; lastKnownFileType = sourcecode.swift; path = SubCategoriaTableViewController.swift; sourceTree = "<group>"; };
		4363994E1EF1AD2900AD2F4D /* Product.swift */ = {isa = PBXFileReference; fileEncoding = 4; lastKnownFileType = sourcecode.swift; path = Product.swift; sourceTree = "<group>"; };
		436399501EF1B0B800AD2F4D /* ProductProperty.swift */ = {isa = PBXFileReference; fileEncoding = 4; lastKnownFileType = sourcecode.swift; path = ProductProperty.swift; sourceTree = "<group>"; };
		436399521EF1B0E300AD2F4D /* Variant.swift */ = {isa = PBXFileReference; fileEncoding = 4; lastKnownFileType = sourcecode.swift; path = Variant.swift; sourceTree = "<group>"; };
		436399541EF1B2B300AD2F4D /* ProductApiClient.swift */ = {isa = PBXFileReference; fileEncoding = 4; lastKnownFileType = sourcecode.swift; path = ProductApiClient.swift; sourceTree = "<group>"; };
		4364B6E61EDF035A00C3EEF6 /* RightCollectionViewController.swift */ = {isa = PBXFileReference; fileEncoding = 4; lastKnownFileType = sourcecode.swift; path = RightCollectionViewController.swift; sourceTree = "<group>"; };
		4364B6E81EDF06A100C3EEF6 /* CarrinhoCollectionViewCell.swift */ = {isa = PBXFileReference; fileEncoding = 4; lastKnownFileType = sourcecode.swift; path = CarrinhoCollectionViewCell.swift; sourceTree = "<group>"; };
		4364B6EA1EDF4F1300C3EEF6 /* TotalCarrinhoCollectionViewCell.swift */ = {isa = PBXFileReference; fileEncoding = 4; lastKnownFileType = sourcecode.swift; path = TotalCarrinhoCollectionViewCell.swift; sourceTree = "<group>"; };
		436C5B071EE86DCB001FF067 /* BaseApiClient.swift */ = {isa = PBXFileReference; fileEncoding = 4; lastKnownFileType = sourcecode.swift; path = BaseApiClient.swift; sourceTree = "<group>"; };
		436C5B091EE871E2001FF067 /* TaxonomiesApiClient.swift */ = {isa = PBXFileReference; fileEncoding = 4; lastKnownFileType = sourcecode.swift; path = TaxonomiesApiClient.swift; sourceTree = "<group>"; };
		436C5B0B1EE87244001FF067 /* ApiError.swift */ = {isa = PBXFileReference; fileEncoding = 4; lastKnownFileType = sourcecode.swift; path = ApiError.swift; sourceTree = "<group>"; };
		436C5B0E1EE8742B001FF067 /* String+Extensions.swift */ = {isa = PBXFileReference; fileEncoding = 4; lastKnownFileType = sourcecode.swift; path = "String+Extensions.swift"; sourceTree = "<group>"; };
		437912E91EE5A7410019B82E /* CitiesTableViewController.swift */ = {isa = PBXFileReference; fileEncoding = 4; lastKnownFileType = sourcecode.swift; path = CitiesTableViewController.swift; sourceTree = "<group>"; };
		437912EE1EE72ED90019B82E /* Taxonomies.swift */ = {isa = PBXFileReference; fileEncoding = 4; lastKnownFileType = sourcecode.swift; path = Taxonomies.swift; sourceTree = "<group>"; };
		437912F01EE7303B0019B82E /* Root.swift */ = {isa = PBXFileReference; fileEncoding = 4; lastKnownFileType = sourcecode.swift; path = Root.swift; sourceTree = "<group>"; };
		437912F21EE730F60019B82E /* Taxons.swift */ = {isa = PBXFileReference; fileEncoding = 4; lastKnownFileType = sourcecode.swift; path = Taxons.swift; sourceTree = "<group>"; };
		438DCA641ED86F7B0038BB4E /* OnMarketBR.app */ = {isa = PBXFileReference; explicitFileType = wrapper.application; includeInIndex = 0; path = OnMarketBR.app; sourceTree = BUILT_PRODUCTS_DIR; };
		438DCA671ED86F7B0038BB4E /* AppDelegate.swift */ = {isa = PBXFileReference; lastKnownFileType = sourcecode.swift; path = AppDelegate.swift; sourceTree = "<group>"; };
		438DCA6C1ED86F7B0038BB4E /* Base */ = {isa = PBXFileReference; lastKnownFileType = file.storyboard; name = Base; path = Base.lproj/Main.storyboard; sourceTree = "<group>"; };
		438DCA6F1ED86F7C0038BB4E /* OnMarketBR.xcdatamodel */ = {isa = PBXFileReference; lastKnownFileType = wrapper.xcdatamodel; path = OnMarketBR.xcdatamodel; sourceTree = "<group>"; };
		438DCA711ED86F7C0038BB4E /* Assets.xcassets */ = {isa = PBXFileReference; lastKnownFileType = folder.assetcatalog; path = Assets.xcassets; sourceTree = "<group>"; };
		438DCA761ED86F7C0038BB4E /* Info.plist */ = {isa = PBXFileReference; lastKnownFileType = text.plist.xml; path = Info.plist; sourceTree = "<group>"; };
		438DCA7B1ED86F7C0038BB4E /* OnMarketBRTests.xctest */ = {isa = PBXFileReference; explicitFileType = wrapper.cfbundle; includeInIndex = 0; path = OnMarketBRTests.xctest; sourceTree = BUILT_PRODUCTS_DIR; };
		438DCA7F1ED86F7C0038BB4E /* OnMarketBRTests.swift */ = {isa = PBXFileReference; lastKnownFileType = sourcecode.swift; path = OnMarketBRTests.swift; sourceTree = "<group>"; };
		438DCA811ED86F7C0038BB4E /* Info.plist */ = {isa = PBXFileReference; lastKnownFileType = text.plist.xml; path = Info.plist; sourceTree = "<group>"; };
		438DCA861ED86F7C0038BB4E /* OnMarketBRUITests.xctest */ = {isa = PBXFileReference; explicitFileType = wrapper.cfbundle; includeInIndex = 0; path = OnMarketBRUITests.xctest; sourceTree = BUILT_PRODUCTS_DIR; };
		438DCA8A1ED86F7C0038BB4E /* OnMarketBRUITests.swift */ = {isa = PBXFileReference; lastKnownFileType = sourcecode.swift; path = OnMarketBRUITests.swift; sourceTree = "<group>"; };
		438DCA8C1ED86F7C0038BB4E /* Info.plist */ = {isa = PBXFileReference; lastKnownFileType = text.plist.xml; path = Info.plist; sourceTree = "<group>"; };
		43930B3C1ED8759900CAA8A8 /* .gitignore */ = {isa = PBXFileReference; fileEncoding = 4; lastKnownFileType = text; path = .gitignore; sourceTree = "<group>"; };
		43930B3E1ED87D0900CAA8A8 /* CategoriasCollectionViewController.swift */ = {isa = PBXFileReference; fileEncoding = 4; lastKnownFileType = sourcecode.swift; path = CategoriasCollectionViewController.swift; sourceTree = "<group>"; };
		43930B401ED89FAF00CAA8A8 /* CategoriaCollectionViewCell.swift */ = {isa = PBXFileReference; fileEncoding = 4; lastKnownFileType = sourcecode.swift; path = CategoriaCollectionViewCell.swift; sourceTree = "<group>"; };
		43CD9EDB1EDDAD5900ECF914 /* ProdutosCollectionViewCell.swift */ = {isa = PBXFileReference; fileEncoding = 4; lastKnownFileType = sourcecode.swift; name = ProdutosCollectionViewCell.swift; path = ../ProdutosCollectionViewCell.swift; sourceTree = "<group>"; };
		43CD9EDF1EDDAECF00ECF914 /* ProdutosCollectionViewController.swift */ = {isa = PBXFileReference; fileEncoding = 4; lastKnownFileType = sourcecode.swift; name = ProdutosCollectionViewController.swift; path = ../ProdutosCollectionViewController.swift; sourceTree = "<group>"; };
		43CD9EE11EDDF36400ECF914 /* LeftTableViewController.swift */ = {isa = PBXFileReference; fileEncoding = 4; lastKnownFileType = sourcecode.swift; path = LeftTableViewController.swift; sourceTree = "<group>"; };
		43FE4E691EE1CF2700D13D0E /* ProdutoDetailViewController.swift */ = {isa = PBXFileReference; fileEncoding = 4; lastKnownFileType = sourcecode.swift; path = ProdutoDetailViewController.swift; sourceTree = "<group>"; };
		43FE4E6B1EE1DDF000D13D0E /* LoginViewController.swift */ = {isa = PBXFileReference; fileEncoding = 4; lastKnownFileType = sourcecode.swift; path = LoginViewController.swift; sourceTree = "<group>"; };
		43FE4E6D1EE1E66A00D13D0E /* RegisterViewController.swift */ = {isa = PBXFileReference; fileEncoding = 4; lastKnownFileType = sourcecode.swift; path = RegisterViewController.swift; sourceTree = "<group>"; };
		6B07AE89C4B065266923F55A /* Pods_OnMarketBR.framework */ = {isa = PBXFileReference; explicitFileType = wrapper.framework; includeInIndex = 0; path = Pods_OnMarketBR.framework; sourceTree = BUILT_PRODUCTS_DIR; };
		8BEB37FDC8F60A0DFD3C20CC /* Pods-OnMarketBR.release.xcconfig */ = {isa = PBXFileReference; includeInIndex = 1; lastKnownFileType = text.xcconfig; name = "Pods-OnMarketBR.release.xcconfig"; path = "Pods/Target Support Files/Pods-OnMarketBR/Pods-OnMarketBR.release.xcconfig"; sourceTree = "<group>"; };
		F2DB48A71EF8549300A7459A /* CartButtonBadge+Extensions.swift */ = {isa = PBXFileReference; fileEncoding = 4; lastKnownFileType = sourcecode.swift; path = "CartButtonBadge+Extensions.swift"; sourceTree = "<group>"; };
		F2DC0CE11EEEA0BB008FEDFF /* PinJump.json */ = {isa = PBXFileReference; fileEncoding = 4; lastKnownFileType = text.json; path = PinJump.json; sourceTree = "<group>"; };
		F706F0DD55813C48CBDAFFFE /* Pods-OnMarketBR.debug.xcconfig */ = {isa = PBXFileReference; includeInIndex = 1; lastKnownFileType = text.xcconfig; name = "Pods-OnMarketBR.debug.xcconfig"; path = "Pods/Target Support Files/Pods-OnMarketBR/Pods-OnMarketBR.debug.xcconfig"; sourceTree = "<group>"; };
/* End PBXFileReference section */

/* Begin PBXFrameworksBuildPhase section */
		438DCA611ED86F7B0038BB4E /* Frameworks */ = {
			isa = PBXFrameworksBuildPhase;
			buildActionMask = 2147483647;
			files = (
				CC3A825BAC3CD384C81B20AB /* Pods_OnMarketBR.framework in Frameworks */,
			);
			runOnlyForDeploymentPostprocessing = 0;
		};
		438DCA781ED86F7C0038BB4E /* Frameworks */ = {
			isa = PBXFrameworksBuildPhase;
			buildActionMask = 2147483647;
			files = (
			);
			runOnlyForDeploymentPostprocessing = 0;
		};
		438DCA831ED86F7C0038BB4E /* Frameworks */ = {
			isa = PBXFrameworksBuildPhase;
			buildActionMask = 2147483647;
			files = (
			);
			runOnlyForDeploymentPostprocessing = 0;
		};
/* End PBXFrameworksBuildPhase section */

/* Begin PBXGroup section */
		0B75983D1EF978C5004C5E52 /* Controllers */ = {
			isa = PBXGroup;
			children = (
				43CD9EE11EDDF36400ECF914 /* LeftTableViewController.swift */,
				4364B6E61EDF035A00C3EEF6 /* RightCollectionViewController.swift */,
			);
			name = Controllers;
			sourceTree = "<group>";
		};
		0B75983E1EF9791D004C5E52 /* Views */ = {
			isa = PBXGroup;
			children = (
				4364B6E81EDF06A100C3EEF6 /* CarrinhoCollectionViewCell.swift */,
				4364B6EA1EDF4F1300C3EEF6 /* TotalCarrinhoCollectionViewCell.swift */,
			);
			name = Views;
			sourceTree = "<group>";
		};
		0B75983F1EF97976004C5E52 /* Welcome+Tutorial */ = {
			isa = PBXGroup;
			children = (
				437912E91EE5A7410019B82E /* CitiesTableViewController.swift */,
			);
			name = "Welcome+Tutorial";
			sourceTree = "<group>";
		};
		0B7598401EF9798A004C5E52 /* Home */ = {
			isa = PBXGroup;
			children = (
				0B7598421EF979B4004C5E52 /* Views */,
				0B7598411EF97998004C5E52 /* Controllers */,
			);
			name = Home;
			sourceTree = "<group>";
		};
		0B7598411EF97998004C5E52 /* Controllers */ = {
			isa = PBXGroup;
			children = (
				43930B3E1ED87D0900CAA8A8 /* CategoriasCollectionViewController.swift */,
				4363994C1EF19FD200AD2F4D /* SubCategoriaTableViewController.swift */,
				43CD9EDF1EDDAECF00ECF914 /* ProdutosCollectionViewController.swift */,
				43FE4E691EE1CF2700D13D0E /* ProdutoDetailViewController.swift */,
			);
			name = Controllers;
			sourceTree = "<group>";
		};
		0B7598421EF979B4004C5E52 /* Views */ = {
			isa = PBXGroup;
			children = (
				43930B401ED89FAF00CAA8A8 /* CategoriaCollectionViewCell.swift */,
				43CD9EDB1EDDAD5900ECF914 /* ProdutosCollectionViewCell.swift */,
			);
			name = Views;
			sourceTree = "<group>";
		};
		0B7598431EF979D5004C5E52 /* Networking */ = {
			isa = PBXGroup;
			children = (
				436C5B061EE86D82001FF067 /* Controllers */,
				437912ED1EE72CAF0019B82E /* Model */,
			);
			name = Networking;
			sourceTree = "<group>";
		};
		0B7598441EF97A06004C5E52 /* Helpers+Extensions */ = {
			isa = PBXGroup;
			children = (
				0BE8233A1EF839E000EE35A3 /* CartHelper.swift */,
				436C5B0E1EE8742B001FF067 /* String+Extensions.swift */,
				F2DB48A71EF8549300A7459A /* CartButtonBadge+Extensions.swift */,
				0B7598471EF97C6A004C5E52 /* RoundedHelper.swift */,
			);
			name = "Helpers+Extensions";
			sourceTree = "<group>";
		};
		0B7598451EF97A1E004C5E52 /* App */ = {
			isa = PBXGroup;
			children = (
				438DCA6B1ED86F7B0038BB4E /* Main.storyboard */,
				43CD9EDA1EDDACE700ECF914 /* Support Files */,
			);
			name = App;
			sourceTree = "<group>";
		};
		0B7598461EF97A42004C5E52 /* Controllers */ = {
			isa = PBXGroup;
			children = (
				43FE4E6B1EE1DDF000D13D0E /* LoginViewController.swift */,
				43FE4E6D1EE1E66A00D13D0E /* RegisterViewController.swift */,
			);
			name = Controllers;
			sourceTree = "<group>";
		};
		2C47DE1D64CAA71F4597707C /* Pods */ = {
			isa = PBXGroup;
			children = (
				F706F0DD55813C48CBDAFFFE /* Pods-OnMarketBR.debug.xcconfig */,
				8BEB37FDC8F60A0DFD3C20CC /* Pods-OnMarketBR.release.xcconfig */,
			);
			name = Pods;
			sourceTree = "<group>";
		};
		436C5B061EE86D82001FF067 /* Controllers */ = {
			isa = PBXGroup;
			children = (
				436C5B071EE86DCB001FF067 /* BaseApiClient.swift */,
				436C5B091EE871E2001FF067 /* TaxonomiesApiClient.swift */,
				0B5FFE3B1EEE371F00802B98 /* OrderApiClient.swift */,
				0B5FFE4E1EEE777900802B98 /* CartApiClient.swift */,
				436399541EF1B2B300AD2F4D /* ProductApiClient.swift */,
				0B1AAD9B1EFABA28009D7BEA /* UserApiClient.swift */,
			);
			name = Controllers;
			sourceTree = "<group>";
		};
		437912ED1EE72CAF0019B82E /* Model */ = {
			isa = PBXGroup;
			children = (
				436C5B0B1EE87244001FF067 /* ApiError.swift */,
				437912EE1EE72ED90019B82E /* Taxonomies.swift */,
				437912F01EE7303B0019B82E /* Root.swift */,
				437912F21EE730F60019B82E /* Taxons.swift */,
				0B5FFE3D1EEE37DF00802B98 /* Order.swift */,
				0B5FFE3F1EEE427500802B98 /* LineItem.swift */,
				4363994E1EF1AD2900AD2F4D /* Product.swift */,
				436399501EF1B0B800AD2F4D /* ProductProperty.swift */,
				436399521EF1B0E300AD2F4D /* Variant.swift */,
				0B7598491EF9979B004C5E52 /* User.swift */,
				0B75984B1EF9B4BA004C5E52 /* Guest.swift */,
			);
			name = Model;
			sourceTree = "<group>";
		};
		438DCA5B1ED86F7B0038BB4E = {
			isa = PBXGroup;
			children = (
				43930B3C1ED8759900CAA8A8 /* .gitignore */,
				438DCA661ED86F7B0038BB4E /* OnMarketBR */,
				438DCA7E1ED86F7C0038BB4E /* OnMarketBRTests */,
				438DCA891ED86F7C0038BB4E /* OnMarketBRUITests */,
				438DCA651ED86F7B0038BB4E /* Products */,
				2C47DE1D64CAA71F4597707C /* Pods */,
				7FE0EF783431BD79F57FE8D3 /* Frameworks */,
			);
			sourceTree = "<group>";
		};
		438DCA651ED86F7B0038BB4E /* Products */ = {
			isa = PBXGroup;
			children = (
				438DCA641ED86F7B0038BB4E /* OnMarketBR.app */,
				438DCA7B1ED86F7C0038BB4E /* OnMarketBRTests.xctest */,
				438DCA861ED86F7C0038BB4E /* OnMarketBRUITests.xctest */,
			);
			name = Products;
			sourceTree = "<group>";
		};
		438DCA661ED86F7B0038BB4E /* OnMarketBR */ = {
			isa = PBXGroup;
			children = (
				F2DC0CE31EEEA0D3008FEDFF /* Animations */,
				0B7598451EF97A1E004C5E52 /* App */,
				0B7598441EF97A06004C5E52 /* Helpers+Extensions */,
				0B7598401EF9798A004C5E52 /* Home */,
				43FE4E6F1EE1EAF100D13D0E /* Login */,
				0B7598431EF979D5004C5E52 /* Networking */,
				43CD9EE71EDE168C00ECF914 /* SideMenus */,
				0B75983F1EF97976004C5E52 /* Welcome+Tutorial */,
			);
			path = OnMarketBR;
			sourceTree = "<group>";
		};
		438DCA7E1ED86F7C0038BB4E /* OnMarketBRTests */ = {
			isa = PBXGroup;
			children = (
				438DCA7F1ED86F7C0038BB4E /* OnMarketBRTests.swift */,
				438DCA811ED86F7C0038BB4E /* Info.plist */,
			);
			path = OnMarketBRTests;
			sourceTree = "<group>";
		};
		438DCA891ED86F7C0038BB4E /* OnMarketBRUITests */ = {
			isa = PBXGroup;
			children = (
				438DCA8A1ED86F7C0038BB4E /* OnMarketBRUITests.swift */,
				438DCA8C1ED86F7C0038BB4E /* Info.plist */,
			);
			path = OnMarketBRUITests;
			sourceTree = "<group>";
		};
		43CD9EDA1EDDACE700ECF914 /* Support Files */ = {
			isa = PBXGroup;
			children = (
				438DCA671ED86F7B0038BB4E /* AppDelegate.swift */,
				438DCA711ED86F7C0038BB4E /* Assets.xcassets */,
				438DCA761ED86F7C0038BB4E /* Info.plist */,
				438DCA6E1ED86F7C0038BB4E /* OnMarketBR.xcdatamodeld */,
			);
			name = "Support Files";
			sourceTree = "<group>";
		};
		43CD9EE71EDE168C00ECF914 /* SideMenus */ = {
			isa = PBXGroup;
			children = (
				0B75983E1EF9791D004C5E52 /* Views */,
				0B75983D1EF978C5004C5E52 /* Controllers */,
			);
			name = SideMenus;
			sourceTree = "<group>";
		};
		43FE4E6F1EE1EAF100D13D0E /* Login */ = {
			isa = PBXGroup;
			children = (
				0B7598461EF97A42004C5E52 /* Controllers */,
			);
			name = Login;
			sourceTree = "<group>";
		};
		7FE0EF783431BD79F57FE8D3 /* Frameworks */ = {
			isa = PBXGroup;
			children = (
				6B07AE89C4B065266923F55A /* Pods_OnMarketBR.framework */,
			);
			name = Frameworks;
			sourceTree = "<group>";
		};
		F2DC0CE31EEEA0D3008FEDFF /* Animations */ = {
			isa = PBXGroup;
			children = (
				F2DC0CE11EEEA0BB008FEDFF /* PinJump.json */,
			);
			name = Animations;
			path = ..;
			sourceTree = "<group>";
		};
/* End PBXGroup section */

/* Begin PBXNativeTarget section */
		438DCA631ED86F7B0038BB4E /* OnMarketBR */ = {
			isa = PBXNativeTarget;
			buildConfigurationList = 438DCA8F1ED86F7C0038BB4E /* Build configuration list for PBXNativeTarget "OnMarketBR" */;
			buildPhases = (
				0F0FADBB650AFC0D6B127B70 /* [CP] Check Pods Manifest.lock */,
				438DCA601ED86F7B0038BB4E /* Sources */,
				438DCA611ED86F7B0038BB4E /* Frameworks */,
				438DCA621ED86F7B0038BB4E /* Resources */,
				C705643B5617AA7D90ED73F2 /* [CP] Embed Pods Frameworks */,
				68FCC75EB1CA5836F2D6543F /* [CP] Copy Pods Resources */,
			);
			buildRules = (
			);
			dependencies = (
			);
			name = OnMarketBR;
			productName = OnMarketBR;
			productReference = 438DCA641ED86F7B0038BB4E /* OnMarketBR.app */;
			productType = "com.apple.product-type.application";
		};
		438DCA7A1ED86F7C0038BB4E /* OnMarketBRTests */ = {
			isa = PBXNativeTarget;
			buildConfigurationList = 438DCA921ED86F7C0038BB4E /* Build configuration list for PBXNativeTarget "OnMarketBRTests" */;
			buildPhases = (
				438DCA771ED86F7C0038BB4E /* Sources */,
				438DCA781ED86F7C0038BB4E /* Frameworks */,
				438DCA791ED86F7C0038BB4E /* Resources */,
			);
			buildRules = (
			);
			dependencies = (
				438DCA7D1ED86F7C0038BB4E /* PBXTargetDependency */,
			);
			name = OnMarketBRTests;
			productName = OnMarketBRTests;
			productReference = 438DCA7B1ED86F7C0038BB4E /* OnMarketBRTests.xctest */;
			productType = "com.apple.product-type.bundle.unit-test";
		};
		438DCA851ED86F7C0038BB4E /* OnMarketBRUITests */ = {
			isa = PBXNativeTarget;
			buildConfigurationList = 438DCA951ED86F7C0038BB4E /* Build configuration list for PBXNativeTarget "OnMarketBRUITests" */;
			buildPhases = (
				438DCA821ED86F7C0038BB4E /* Sources */,
				438DCA831ED86F7C0038BB4E /* Frameworks */,
				438DCA841ED86F7C0038BB4E /* Resources */,
			);
			buildRules = (
			);
			dependencies = (
				438DCA881ED86F7C0038BB4E /* PBXTargetDependency */,
			);
			name = OnMarketBRUITests;
			productName = OnMarketBRUITests;
			productReference = 438DCA861ED86F7C0038BB4E /* OnMarketBRUITests.xctest */;
			productType = "com.apple.product-type.bundle.ui-testing";
		};
/* End PBXNativeTarget section */

/* Begin PBXProject section */
		438DCA5C1ED86F7B0038BB4E /* Project object */ = {
			isa = PBXProject;
			attributes = {
				LastSwiftUpdateCheck = 0820;
				LastUpgradeCheck = 0820;
				ORGANIZATIONNAME = OnMarket;
				TargetAttributes = {
					438DCA631ED86F7B0038BB4E = {
						CreatedOnToolsVersion = 8.2.1;
						DevelopmentTeam = 92F4M7VW6Y;
						ProvisioningStyle = Automatic;
					};
					438DCA7A1ED86F7C0038BB4E = {
						CreatedOnToolsVersion = 8.2.1;
						DevelopmentTeam = 92F4M7VW6Y;
						ProvisioningStyle = Automatic;
						TestTargetID = 438DCA631ED86F7B0038BB4E;
					};
					438DCA851ED86F7C0038BB4E = {
						CreatedOnToolsVersion = 8.2.1;
						DevelopmentTeam = 92F4M7VW6Y;
						ProvisioningStyle = Automatic;
						TestTargetID = 438DCA631ED86F7B0038BB4E;
					};
				};
			};
			buildConfigurationList = 438DCA5F1ED86F7B0038BB4E /* Build configuration list for PBXProject "OnMarketBR" */;
			compatibilityVersion = "Xcode 3.2";
			developmentRegion = English;
			hasScannedForEncodings = 0;
			knownRegions = (
				en,
				Base,
			);
			mainGroup = 438DCA5B1ED86F7B0038BB4E;
			productRefGroup = 438DCA651ED86F7B0038BB4E /* Products */;
			projectDirPath = "";
			projectRoot = "";
			targets = (
				438DCA631ED86F7B0038BB4E /* OnMarketBR */,
				438DCA7A1ED86F7C0038BB4E /* OnMarketBRTests */,
				438DCA851ED86F7C0038BB4E /* OnMarketBRUITests */,
			);
		};
/* End PBXProject section */

/* Begin PBXResourcesBuildPhase section */
		438DCA621ED86F7B0038BB4E /* Resources */ = {
			isa = PBXResourcesBuildPhase;
			buildActionMask = 2147483647;
			files = (
				43930B3D1ED8759900CAA8A8 /* .gitignore in Resources */,
				438DCA721ED86F7C0038BB4E /* Assets.xcassets in Resources */,
				438DCA6D1ED86F7B0038BB4E /* Main.storyboard in Resources */,
				F2DC0CE21EEEA0BB008FEDFF /* PinJump.json in Resources */,
			);
			runOnlyForDeploymentPostprocessing = 0;
		};
		438DCA791ED86F7C0038BB4E /* Resources */ = {
			isa = PBXResourcesBuildPhase;
			buildActionMask = 2147483647;
			files = (
			);
			runOnlyForDeploymentPostprocessing = 0;
		};
		438DCA841ED86F7C0038BB4E /* Resources */ = {
			isa = PBXResourcesBuildPhase;
			buildActionMask = 2147483647;
			files = (
			);
			runOnlyForDeploymentPostprocessing = 0;
		};
/* End PBXResourcesBuildPhase section */

/* Begin PBXShellScriptBuildPhase section */
		0F0FADBB650AFC0D6B127B70 /* [CP] Check Pods Manifest.lock */ = {
			isa = PBXShellScriptBuildPhase;
			buildActionMask = 2147483647;
			files = (
			);
			inputPaths = (
			);
			name = "[CP] Check Pods Manifest.lock";
			outputPaths = (
			);
			runOnlyForDeploymentPostprocessing = 0;
			shellPath = /bin/sh;
			shellScript = "diff \"${PODS_PODFILE_DIR_PATH}/Podfile.lock\" \"${PODS_ROOT}/Manifest.lock\" > /dev/null\nif [ $? != 0 ] ; then\n    # print error to STDERR\n    echo \"error: The sandbox is not in sync with the Podfile.lock. Run 'pod install' or update your CocoaPods installation.\" >&2\n    exit 1\nfi\n";
			showEnvVarsInLog = 0;
		};
		68FCC75EB1CA5836F2D6543F /* [CP] Copy Pods Resources */ = {
			isa = PBXShellScriptBuildPhase;
			buildActionMask = 2147483647;
			files = (
			);
			inputPaths = (
			);
			name = "[CP] Copy Pods Resources";
			outputPaths = (
			);
			runOnlyForDeploymentPostprocessing = 0;
			shellPath = /bin/sh;
			shellScript = "\"${SRCROOT}/Pods/Target Support Files/Pods-OnMarketBR/Pods-OnMarketBR-resources.sh\"\n";
			showEnvVarsInLog = 0;
		};
		C705643B5617AA7D90ED73F2 /* [CP] Embed Pods Frameworks */ = {
			isa = PBXShellScriptBuildPhase;
			buildActionMask = 2147483647;
			files = (
			);
			inputPaths = (
			);
			name = "[CP] Embed Pods Frameworks";
			outputPaths = (
			);
			runOnlyForDeploymentPostprocessing = 0;
			shellPath = /bin/sh;
			shellScript = "\"${SRCROOT}/Pods/Target Support Files/Pods-OnMarketBR/Pods-OnMarketBR-frameworks.sh\"\n";
			showEnvVarsInLog = 0;
		};
/* End PBXShellScriptBuildPhase section */

/* Begin PBXSourcesBuildPhase section */
		438DCA601ED86F7B0038BB4E /* Sources */ = {
			isa = PBXSourcesBuildPhase;
			buildActionMask = 2147483647;
			files = (
				436399531EF1B0E300AD2F4D /* Variant.swift in Sources */,
				43FE4E6C1EE1DDF000D13D0E /* LoginViewController.swift in Sources */,
				436C5B0F1EE8742B001FF067 /* String+Extensions.swift in Sources */,
				437912EF1EE72ED90019B82E /* Taxonomies.swift in Sources */,
				43CD9EDC1EDDAD5900ECF914 /* ProdutosCollectionViewCell.swift in Sources */,
				0B75984C1EF9B4BA004C5E52 /* Guest.swift in Sources */,
				43CD9EE21EDDF36400ECF914 /* LeftTableViewController.swift in Sources */,
				0BE8233B1EF839E000EE35A3 /* CartHelper.swift in Sources */,
				438DCA681ED86F7B0038BB4E /* AppDelegate.swift in Sources */,
				436399511EF1B0B800AD2F4D /* ProductProperty.swift in Sources */,
				F2DB48A81EF8549300A7459A /* CartButtonBadge+Extensions.swift in Sources */,
				437912EA1EE5A7420019B82E /* CitiesTableViewController.swift in Sources */,
				438DCA701ED86F7C0038BB4E /* OnMarketBR.xcdatamodeld in Sources */,
				0B5FFE3C1EEE371F00802B98 /* OrderApiClient.swift in Sources */,
				43CD9EE01EDDAECF00ECF914 /* ProdutosCollectionViewController.swift in Sources */,
				4364B6EB1EDF4F1300C3EEF6 /* TotalCarrinhoCollectionViewCell.swift in Sources */,
				437912F11EE7303B0019B82E /* Root.swift in Sources */,
				4364B6E91EDF06A100C3EEF6 /* CarrinhoCollectionViewCell.swift in Sources */,
				0B1AAD9C1EFABA28009D7BEA /* UserApiClient.swift in Sources */,
				43930B411ED89FAF00CAA8A8 /* CategoriaCollectionViewCell.swift in Sources */,
				0B5FFE4F1EEE777900802B98 /* CartApiClient.swift in Sources */,
				43FE4E6A1EE1CF2700D13D0E /* ProdutoDetailViewController.swift in Sources */,
				436C5B0C1EE87244001FF067 /* ApiError.swift in Sources */,
				43FE4E6E1EE1E66A00D13D0E /* RegisterViewController.swift in Sources */,
				43930B3F1ED87D0900CAA8A8 /* CategoriasCollectionViewController.swift in Sources */,
				4364B6E71EDF035A00C3EEF6 /* RightCollectionViewController.swift in Sources */,
				0B75984A1EF9979B004C5E52 /* User.swift in Sources */,
				4363994F1EF1AD2900AD2F4D /* Product.swift in Sources */,
				436C5B0A1EE871E2001FF067 /* TaxonomiesApiClient.swift in Sources */,
				0B5FFE401EEE427500802B98 /* LineItem.swift in Sources */,
				0B7598481EF97C6A004C5E52 /* RoundedHelper.swift in Sources */,
				436399551EF1B2B300AD2F4D /* ProductApiClient.swift in Sources */,
				4363994D1EF19FD200AD2F4D /* SubCategoriaTableViewController.swift in Sources */,
				0B5FFE3E1EEE37DF00802B98 /* Order.swift in Sources */,
				436C5B081EE86DCB001FF067 /* BaseApiClient.swift in Sources */,
				437912F31EE730F60019B82E /* Taxons.swift in Sources */,
			);
			runOnlyForDeploymentPostprocessing = 0;
		};
		438DCA771ED86F7C0038BB4E /* Sources */ = {
			isa = PBXSourcesBuildPhase;
			buildActionMask = 2147483647;
			files = (
				438DCA801ED86F7C0038BB4E /* OnMarketBRTests.swift in Sources */,
			);
			runOnlyForDeploymentPostprocessing = 0;
		};
		438DCA821ED86F7C0038BB4E /* Sources */ = {
			isa = PBXSourcesBuildPhase;
			buildActionMask = 2147483647;
			files = (
				438DCA8B1ED86F7C0038BB4E /* OnMarketBRUITests.swift in Sources */,
			);
			runOnlyForDeploymentPostprocessing = 0;
		};
/* End PBXSourcesBuildPhase section */

/* Begin PBXTargetDependency section */
		438DCA7D1ED86F7C0038BB4E /* PBXTargetDependency */ = {
			isa = PBXTargetDependency;
			target = 438DCA631ED86F7B0038BB4E /* OnMarketBR */;
			targetProxy = 438DCA7C1ED86F7C0038BB4E /* PBXContainerItemProxy */;
		};
		438DCA881ED86F7C0038BB4E /* PBXTargetDependency */ = {
			isa = PBXTargetDependency;
			target = 438DCA631ED86F7B0038BB4E /* OnMarketBR */;
			targetProxy = 438DCA871ED86F7C0038BB4E /* PBXContainerItemProxy */;
		};
/* End PBXTargetDependency section */

/* Begin PBXVariantGroup section */
		438DCA6B1ED86F7B0038BB4E /* Main.storyboard */ = {
			isa = PBXVariantGroup;
			children = (
				438DCA6C1ED86F7B0038BB4E /* Base */,
			);
			name = Main.storyboard;
			sourceTree = "<group>";
		};
/* End PBXVariantGroup section */

/* Begin XCBuildConfiguration section */
		438DCA8D1ED86F7C0038BB4E /* Debug */ = {
			isa = XCBuildConfiguration;
			buildSettings = {
				ALWAYS_SEARCH_USER_PATHS = NO;
				CLANG_ANALYZER_NONNULL = YES;
				CLANG_CXX_LANGUAGE_STANDARD = "gnu++0x";
				CLANG_CXX_LIBRARY = "libc++";
				CLANG_ENABLE_MODULES = YES;
				CLANG_ENABLE_OBJC_ARC = YES;
				CLANG_WARN_BOOL_CONVERSION = YES;
				CLANG_WARN_CONSTANT_CONVERSION = YES;
				CLANG_WARN_DIRECT_OBJC_ISA_USAGE = YES_ERROR;
				CLANG_WARN_DOCUMENTATION_COMMENTS = YES;
				CLANG_WARN_EMPTY_BODY = YES;
				CLANG_WARN_ENUM_CONVERSION = YES;
				CLANG_WARN_INFINITE_RECURSION = YES;
				CLANG_WARN_INT_CONVERSION = YES;
				CLANG_WARN_OBJC_ROOT_CLASS = YES_ERROR;
				CLANG_WARN_SUSPICIOUS_MOVE = YES;
				CLANG_WARN_UNREACHABLE_CODE = YES;
				CLANG_WARN__DUPLICATE_METHOD_MATCH = YES;
				"CODE_SIGN_IDENTITY[sdk=iphoneos*]" = "iPhone Developer";
				COPY_PHASE_STRIP = NO;
				DEBUG_INFORMATION_FORMAT = dwarf;
				ENABLE_STRICT_OBJC_MSGSEND = YES;
				ENABLE_TESTABILITY = YES;
				GCC_C_LANGUAGE_STANDARD = gnu99;
				GCC_DYNAMIC_NO_PIC = NO;
				GCC_NO_COMMON_BLOCKS = YES;
				GCC_OPTIMIZATION_LEVEL = 0;
				GCC_PREPROCESSOR_DEFINITIONS = (
					"DEBUG=1",
					"$(inherited)",
				);
				GCC_WARN_64_TO_32_BIT_CONVERSION = YES;
				GCC_WARN_ABOUT_RETURN_TYPE = YES_ERROR;
				GCC_WARN_UNDECLARED_SELECTOR = YES;
				GCC_WARN_UNINITIALIZED_AUTOS = YES_AGGRESSIVE;
				GCC_WARN_UNUSED_FUNCTION = YES;
				GCC_WARN_UNUSED_VARIABLE = YES;
				IPHONEOS_DEPLOYMENT_TARGET = 10.2;
				MTL_ENABLE_DEBUG_INFO = YES;
				ONLY_ACTIVE_ARCH = YES;
				SDKROOT = iphoneos;
				SWIFT_ACTIVE_COMPILATION_CONDITIONS = DEBUG;
				SWIFT_OPTIMIZATION_LEVEL = "-Onone";
				TARGETED_DEVICE_FAMILY = "1,2";
			};
			name = Debug;
		};
		438DCA8E1ED86F7C0038BB4E /* Release */ = {
			isa = XCBuildConfiguration;
			buildSettings = {
				ALWAYS_SEARCH_USER_PATHS = NO;
				CLANG_ANALYZER_NONNULL = YES;
				CLANG_CXX_LANGUAGE_STANDARD = "gnu++0x";
				CLANG_CXX_LIBRARY = "libc++";
				CLANG_ENABLE_MODULES = YES;
				CLANG_ENABLE_OBJC_ARC = YES;
				CLANG_WARN_BOOL_CONVERSION = YES;
				CLANG_WARN_CONSTANT_CONVERSION = YES;
				CLANG_WARN_DIRECT_OBJC_ISA_USAGE = YES_ERROR;
				CLANG_WARN_DOCUMENTATION_COMMENTS = YES;
				CLANG_WARN_EMPTY_BODY = YES;
				CLANG_WARN_ENUM_CONVERSION = YES;
				CLANG_WARN_INFINITE_RECURSION = YES;
				CLANG_WARN_INT_CONVERSION = YES;
				CLANG_WARN_OBJC_ROOT_CLASS = YES_ERROR;
				CLANG_WARN_SUSPICIOUS_MOVE = YES;
				CLANG_WARN_UNREACHABLE_CODE = YES;
				CLANG_WARN__DUPLICATE_METHOD_MATCH = YES;
				"CODE_SIGN_IDENTITY[sdk=iphoneos*]" = "iPhone Developer";
				COPY_PHASE_STRIP = NO;
				DEBUG_INFORMATION_FORMAT = "dwarf-with-dsym";
				ENABLE_NS_ASSERTIONS = NO;
				ENABLE_STRICT_OBJC_MSGSEND = YES;
				GCC_C_LANGUAGE_STANDARD = gnu99;
				GCC_NO_COMMON_BLOCKS = YES;
				GCC_WARN_64_TO_32_BIT_CONVERSION = YES;
				GCC_WARN_ABOUT_RETURN_TYPE = YES_ERROR;
				GCC_WARN_UNDECLARED_SELECTOR = YES;
				GCC_WARN_UNINITIALIZED_AUTOS = YES_AGGRESSIVE;
				GCC_WARN_UNUSED_FUNCTION = YES;
				GCC_WARN_UNUSED_VARIABLE = YES;
				IPHONEOS_DEPLOYMENT_TARGET = 10.2;
				MTL_ENABLE_DEBUG_INFO = NO;
				SDKROOT = iphoneos;
				SWIFT_OPTIMIZATION_LEVEL = "-Owholemodule";
				TARGETED_DEVICE_FAMILY = "1,2";
				VALIDATE_PRODUCT = YES;
			};
			name = Release;
		};
		438DCA901ED86F7C0038BB4E /* Debug */ = {
			isa = XCBuildConfiguration;
			baseConfigurationReference = F706F0DD55813C48CBDAFFFE /* Pods-OnMarketBR.debug.xcconfig */;
			buildSettings = {
				ASSETCATALOG_COMPILER_APPICON_NAME = AppIcon;
				ASSETCATALOG_COMPILER_LAUNCHIMAGE_NAME = LaunchImage;
				DEVELOPMENT_TEAM = 92F4M7VW6Y;
				INFOPLIST_FILE = OnMarketBR/Info.plist;
				IPHONEOS_DEPLOYMENT_TARGET = 8.0;
				LD_RUNPATH_SEARCH_PATHS = "$(inherited) @executable_path/Frameworks";
				PRODUCT_BUNDLE_IDENTIFIER = com.onmarket.OnMarketBR;
				PRODUCT_NAME = "$(TARGET_NAME)";
				SWIFT_VERSION = 3.0;
			};
			name = Debug;
		};
		438DCA911ED86F7C0038BB4E /* Release */ = {
			isa = XCBuildConfiguration;
			baseConfigurationReference = 8BEB37FDC8F60A0DFD3C20CC /* Pods-OnMarketBR.release.xcconfig */;
			buildSettings = {
				ASSETCATALOG_COMPILER_APPICON_NAME = AppIcon;
				ASSETCATALOG_COMPILER_LAUNCHIMAGE_NAME = LaunchImage;
				DEVELOPMENT_TEAM = 92F4M7VW6Y;
				INFOPLIST_FILE = OnMarketBR/Info.plist;
				IPHONEOS_DEPLOYMENT_TARGET = 8.0;
				LD_RUNPATH_SEARCH_PATHS = "$(inherited) @executable_path/Frameworks";
				PRODUCT_BUNDLE_IDENTIFIER = com.onmarket.OnMarketBR;
				PRODUCT_NAME = "$(TARGET_NAME)";
				SWIFT_VERSION = 3.0;
			};
			name = Release;
		};
		438DCA931ED86F7C0038BB4E /* Debug */ = {
			isa = XCBuildConfiguration;
			buildSettings = {
				ALWAYS_EMBED_SWIFT_STANDARD_LIBRARIES = YES;
				BUNDLE_LOADER = "$(TEST_HOST)";
				DEVELOPMENT_TEAM = 92F4M7VW6Y;
				INFOPLIST_FILE = OnMarketBRTests/Info.plist;
				LD_RUNPATH_SEARCH_PATHS = "$(inherited) @executable_path/Frameworks @loader_path/Frameworks";
				PRODUCT_BUNDLE_IDENTIFIER = com.onmarket.OnMarketBRTests;
				PRODUCT_NAME = "$(TARGET_NAME)";
				SWIFT_VERSION = 3.0;
				TEST_HOST = "$(BUILT_PRODUCTS_DIR)/OnMarketBR.app/OnMarketBR";
			};
			name = Debug;
		};
		438DCA941ED86F7C0038BB4E /* Release */ = {
			isa = XCBuildConfiguration;
			buildSettings = {
				ALWAYS_EMBED_SWIFT_STANDARD_LIBRARIES = YES;
				BUNDLE_LOADER = "$(TEST_HOST)";
				DEVELOPMENT_TEAM = 92F4M7VW6Y;
				INFOPLIST_FILE = OnMarketBRTests/Info.plist;
				LD_RUNPATH_SEARCH_PATHS = "$(inherited) @executable_path/Frameworks @loader_path/Frameworks";
				PRODUCT_BUNDLE_IDENTIFIER = com.onmarket.OnMarketBRTests;
				PRODUCT_NAME = "$(TARGET_NAME)";
				SWIFT_VERSION = 3.0;
				TEST_HOST = "$(BUILT_PRODUCTS_DIR)/OnMarketBR.app/OnMarketBR";
			};
			name = Release;
		};
		438DCA961ED86F7C0038BB4E /* Debug */ = {
			isa = XCBuildConfiguration;
			buildSettings = {
				ALWAYS_EMBED_SWIFT_STANDARD_LIBRARIES = YES;
				DEVELOPMENT_TEAM = 92F4M7VW6Y;
				INFOPLIST_FILE = OnMarketBRUITests/Info.plist;
				LD_RUNPATH_SEARCH_PATHS = "$(inherited) @executable_path/Frameworks @loader_path/Frameworks";
				PRODUCT_BUNDLE_IDENTIFIER = com.onmarket.OnMarketBRUITests;
				PRODUCT_NAME = "$(TARGET_NAME)";
				SWIFT_VERSION = 3.0;
				TEST_TARGET_NAME = OnMarketBR;
			};
			name = Debug;
		};
		438DCA971ED86F7C0038BB4E /* Release */ = {
			isa = XCBuildConfiguration;
			buildSettings = {
				ALWAYS_EMBED_SWIFT_STANDARD_LIBRARIES = YES;
				DEVELOPMENT_TEAM = 92F4M7VW6Y;
				INFOPLIST_FILE = OnMarketBRUITests/Info.plist;
				LD_RUNPATH_SEARCH_PATHS = "$(inherited) @executable_path/Frameworks @loader_path/Frameworks";
				PRODUCT_BUNDLE_IDENTIFIER = com.onmarket.OnMarketBRUITests;
				PRODUCT_NAME = "$(TARGET_NAME)";
				SWIFT_VERSION = 3.0;
				TEST_TARGET_NAME = OnMarketBR;
			};
			name = Release;
		};
/* End XCBuildConfiguration section */

/* Begin XCConfigurationList section */
		438DCA5F1ED86F7B0038BB4E /* Build configuration list for PBXProject "OnMarketBR" */ = {
			isa = XCConfigurationList;
			buildConfigurations = (
				438DCA8D1ED86F7C0038BB4E /* Debug */,
				438DCA8E1ED86F7C0038BB4E /* Release */,
			);
			defaultConfigurationIsVisible = 0;
			defaultConfigurationName = Release;
		};
		438DCA8F1ED86F7C0038BB4E /* Build configuration list for PBXNativeTarget "OnMarketBR" */ = {
			isa = XCConfigurationList;
			buildConfigurations = (
				438DCA901ED86F7C0038BB4E /* Debug */,
				438DCA911ED86F7C0038BB4E /* Release */,
			);
			defaultConfigurationIsVisible = 0;
			defaultConfigurationName = Release;
		};
		438DCA921ED86F7C0038BB4E /* Build configuration list for PBXNativeTarget "OnMarketBRTests" */ = {
			isa = XCConfigurationList;
			buildConfigurations = (
				438DCA931ED86F7C0038BB4E /* Debug */,
				438DCA941ED86F7C0038BB4E /* Release */,
			);
			defaultConfigurationIsVisible = 0;
			defaultConfigurationName = Release;
		};
		438DCA951ED86F7C0038BB4E /* Build configuration list for PBXNativeTarget "OnMarketBRUITests" */ = {
			isa = XCConfigurationList;
			buildConfigurations = (
				438DCA961ED86F7C0038BB4E /* Debug */,
				438DCA971ED86F7C0038BB4E /* Release */,
			);
			defaultConfigurationIsVisible = 0;
			defaultConfigurationName = Release;
		};
/* End XCConfigurationList section */

/* Begin XCVersionGroup section */
		438DCA6E1ED86F7C0038BB4E /* OnMarketBR.xcdatamodeld */ = {
			isa = XCVersionGroup;
			children = (
				438DCA6F1ED86F7C0038BB4E /* OnMarketBR.xcdatamodel */,
			);
			currentVersion = 438DCA6F1ED86F7C0038BB4E /* OnMarketBR.xcdatamodel */;
			path = OnMarketBR.xcdatamodeld;
			sourceTree = "<group>";
			versionGroupType = wrapper.xcdatamodel;
		};
/* End XCVersionGroup section */
	};
	rootObject = 438DCA5C1ED86F7B0038BB4E /* Project object */;
}
